
Microsoft Visual Studio Solution File, Format Version 12.00
# Visual Studio Version 16
VisualStudioVersion = 16.0.30320.27
MinimumVisualStudioVersion = 10.0.40219.1
Project("{9A19103F-16F7-4668-BE54-9A1E7A4F7556}") = "PlanningPoker.Cleaner", "PlanningPoker.Cleaner\PlanningPoker.Cleaner.csproj", "{90CD9D93-3FCA-44B6-9816-BD50A2B3674A}"
EndProject
Project("{9A19103F-16F7-4668-BE54-9A1E7A4F7556}") = "PlanningPoker.Core", "..\PlanningPoker.Core\PlanningPoker.Core.csproj", "{2100B4FB-10AB-4844-9A31-5C37C96EEA9A}"
EndProject
Global
	GlobalSection(SolutionConfigurationPlatforms) = preSolution
		Debug|Any CPU = Debug|Any CPU
		Release|Any CPU = Release|Any CPU
	EndGlobalSection
	GlobalSection(ProjectConfigurationPlatforms) = postSolution
		{90CD9D93-3FCA-44B6-9816-BD50A2B3674A}.Debug|Any CPU.ActiveCfg = Debug|Any CPU
		{90CD9D93-3FCA-44B6-9816-BD50A2B3674A}.Debug|Any CPU.Build.0 = Debug|Any CPU
		{90CD9D93-3FCA-44B6-9816-BD50A2B3674A}.Release|Any CPU.ActiveCfg = Release|Any CPU
		{90CD9D93-3FCA-44B6-9816-BD50A2B3674A}.Release|Any CPU.Build.0 = Release|Any CPU
		{2100B4FB-10AB-4844-9A31-5C37C96EEA9A}.Debug|Any CPU.ActiveCfg = Debug|Any CPU
		{2100B4FB-10AB-4844-9A31-5C37C96EEA9A}.Debug|Any CPU.Build.0 = Debug|Any CPU
		{2100B4FB-10AB-4844-9A31-5C37C96EEA9A}.Release|Any CPU.ActiveCfg = Release|Any CPU
		{2100B4FB-10AB-4844-9A31-5C37C96EEA9A}.Release|Any CPU.Build.0 = Release|Any CPU
	EndGlobalSection
	GlobalSection(SolutionProperties) = preSolution
		HideSolutionNode = FALSE
	EndGlobalSection
	GlobalSection(ExtensibilityGlobals) = postSolution
		SolutionGuid = {BD4494AE-0439-489B-86C5-54873CACEFDF}
	EndGlobalSection
EndGlobal
